// !$*UTF8*$!
{
	archiveVersion = 1;
	classes = {
	};
	objectVersion = 46;
	objects = {

/* Begin PBXBuildFile section */
		15C80D07BB86D426D538DDF6 /* libPods-Represent.a in Frameworks */ = {isa = PBXBuildFile; fileRef = 32122BB8D2C6C652672C8772 /* libPods-Represent.a */; };
		EEEC41551B22503F00D0D270 /* main.m in Sources */ = {isa = PBXBuildFile; fileRef = EEEC41541B22503F00D0D270 /* main.m */; };
		EEEC41581B22503F00D0D270 /* AppDelegate.m in Sources */ = {isa = PBXBuildFile; fileRef = EEEC41571B22503F00D0D270 /* AppDelegate.m */; };
		EEEC415B1B22503F00D0D270 /* ViewController.m in Sources */ = {isa = PBXBuildFile; fileRef = EEEC415A1B22503F00D0D270 /* ViewController.m */; };
		EEEC415E1B22503F00D0D270 /* Main.storyboard in Resources */ = {isa = PBXBuildFile; fileRef = EEEC415C1B22503F00D0D270 /* Main.storyboard */; };
		EEEC41601B22503F00D0D270 /* Images.xcassets in Resources */ = {isa = PBXBuildFile; fileRef = EEEC415F1B22503F00D0D270 /* Images.xcassets */; };
		EEEC41631B22503F00D0D270 /* LaunchScreen.xib in Resources */ = {isa = PBXBuildFile; fileRef = EEEC41611B22503F00D0D270 /* LaunchScreen.xib */; };
		EEEC416F1B22504000D0D270 /* RepresentTests.m in Sources */ = {isa = PBXBuildFile; fileRef = EEEC416E1B22504000D0D270 /* RepresentTests.m */; };
		EEEC417A1B22509B00D0D270 /* NetworkController.m in Sources */ = {isa = PBXBuildFile; fileRef = EEEC41791B22509B00D0D270 /* NetworkController.m */; };
		EEEC417D1B2254E000D0D270 /* CongressMemberController.m in Sources */ = {isa = PBXBuildFile; fileRef = EEEC417C1B2254E000D0D270 /* CongressMemberController.m */; };
		EEEC41801B2254EF00D0D270 /* CongressMember.m in Sources */ = {isa = PBXBuildFile; fileRef = EEEC417F1B2254EF00D0D270 /* CongressMember.m */; };
/* End PBXBuildFile section */

/* Begin PBXContainerItemProxy section */
		EEEC41691B22504000D0D270 /* PBXContainerItemProxy */ = {
			isa = PBXContainerItemProxy;
			containerPortal = EEEC41471B22503F00D0D270 /* Project object */;
			proxyType = 1;
			remoteGlobalIDString = EEEC414E1B22503F00D0D270;
			remoteInfo = Represent;
		};
/* End PBXContainerItemProxy section */

/* Begin PBXFileReference section */
		32122BB8D2C6C652672C8772 /* libPods-Represent.a */ = {isa = PBXFileReference; explicitFileType = archive.ar; includeInIndex = 0; path = "libPods-Represent.a"; sourceTree = BUILT_PRODUCTS_DIR; };
		559023484A7033D51F915469 /* Pods-Represent.debug.xcconfig */ = {isa = PBXFileReference; includeInIndex = 1; lastKnownFileType = text.xcconfig; name = "Pods-Represent.debug.xcconfig"; path = "Pods/Target Support Files/Pods-Represent/Pods-Represent.debug.xcconfig"; sourceTree = "<group>"; };
		EEEC414F1B22503F00D0D270 /* Represent.app */ = {isa = PBXFileReference; explicitFileType = wrapper.application; includeInIndex = 0; path = Represent.app; sourceTree = BUILT_PRODUCTS_DIR; };
		EEEC41531B22503F00D0D270 /* Info.plist */ = {isa = PBXFileReference; lastKnownFileType = text.plist.xml; path = Info.plist; sourceTree = "<group>"; };
		EEEC41541B22503F00D0D270 /* main.m */ = {isa = PBXFileReference; lastKnownFileType = sourcecode.c.objc; path = main.m; sourceTree = "<group>"; };
		EEEC41561B22503F00D0D270 /* AppDelegate.h */ = {isa = PBXFileReference; lastKnownFileType = sourcecode.c.h; path = AppDelegate.h; sourceTree = "<group>"; };
		EEEC41571B22503F00D0D270 /* AppDelegate.m */ = {isa = PBXFileReference; lastKnownFileType = sourcecode.c.objc; path = AppDelegate.m; sourceTree = "<group>"; };
		EEEC41591B22503F00D0D270 /* ViewController.h */ = {isa = PBXFileReference; lastKnownFileType = sourcecode.c.h; path = ViewController.h; sourceTree = "<group>"; };
		EEEC415A1B22503F00D0D270 /* ViewController.m */ = {isa = PBXFileReference; lastKnownFileType = sourcecode.c.objc; path = ViewController.m; sourceTree = "<group>"; };
		EEEC415D1B22503F00D0D270 /* Base */ = {isa = PBXFileReference; lastKnownFileType = file.storyboard; name = Base; path = Base.lproj/Main.storyboard; sourceTree = "<group>"; };
		EEEC415F1B22503F00D0D270 /* Images.xcassets */ = {isa = PBXFileReference; lastKnownFileType = folder.assetcatalog; path = Images.xcassets; sourceTree = "<group>"; };
		EEEC41621B22503F00D0D270 /* Base */ = {isa = PBXFileReference; lastKnownFileType = file.xib; name = Base; path = Base.lproj/LaunchScreen.xib; sourceTree = "<group>"; };
		EEEC41681B22504000D0D270 /* RepresentTests.xctest */ = {isa = PBXFileReference; explicitFileType = wrapper.cfbundle; includeInIndex = 0; path = RepresentTests.xctest; sourceTree = BUILT_PRODUCTS_DIR; };
		EEEC416D1B22504000D0D270 /* Info.plist */ = {isa = PBXFileReference; lastKnownFileType = text.plist.xml; path = Info.plist; sourceTree = "<group>"; };
		EEEC416E1B22504000D0D270 /* RepresentTests.m */ = {isa = PBXFileReference; lastKnownFileType = sourcecode.c.objc; path = RepresentTests.m; sourceTree = "<group>"; };
		EEEC41781B22509B00D0D270 /* NetworkController.h */ = {isa = PBXFileReference; fileEncoding = 4; lastKnownFileType = sourcecode.c.h; path = NetworkController.h; sourceTree = "<group>"; };
		EEEC41791B22509B00D0D270 /* NetworkController.m */ = {isa = PBXFileReference; fileEncoding = 4; lastKnownFileType = sourcecode.c.objc; path = NetworkController.m; sourceTree = "<group>"; };
		EEEC417B1B2254E000D0D270 /* CongressMemberController.h */ = {isa = PBXFileReference; fileEncoding = 4; lastKnownFileType = sourcecode.c.h; path = CongressMemberController.h; sourceTree = "<group>"; };
		EEEC417C1B2254E000D0D270 /* CongressMemberController.m */ = {isa = PBXFileReference; fileEncoding = 4; lastKnownFileType = sourcecode.c.objc; path = CongressMemberController.m; sourceTree = "<group>"; };
		EEEC417E1B2254EF00D0D270 /* CongressMember.h */ = {isa = PBXFileReference; fileEncoding = 4; lastKnownFileType = sourcecode.c.h; path = CongressMember.h; sourceTree = "<group>"; };
		EEEC417F1B2254EF00D0D270 /* CongressMember.m */ = {isa = PBXFileReference; fileEncoding = 4; lastKnownFileType = sourcecode.c.objc; path = CongressMember.m; sourceTree = "<group>"; };
		F464ABE671A3CA288DA00488 /* Pods-Represent.release.xcconfig */ = {isa = PBXFileReference; includeInIndex = 1; lastKnownFileType = text.xcconfig; name = "Pods-Represent.release.xcconfig"; path = "Pods/Target Support Files/Pods-Represent/Pods-Represent.release.xcconfig"; sourceTree = "<group>"; };
/* End PBXFileReference section */

/* Begin PBXFrameworksBuildPhase section */
		EEEC414C1B22503F00D0D270 /* Frameworks */ = {
			isa = PBXFrameworksBuildPhase;
			buildActionMask = 2147483647;
			files = (
				15C80D07BB86D426D538DDF6 /* libPods-Represent.a in Frameworks */,
			);
			runOnlyForDeploymentPostprocessing = 0;
		};
		EEEC41651B22504000D0D270 /* Frameworks */ = {
			isa = PBXFrameworksBuildPhase;
			buildActionMask = 2147483647;
			files = (
			);
			runOnlyForDeploymentPostprocessing = 0;
		};
/* End PBXFrameworksBuildPhase section */

/* Begin PBXGroup section */
		2E5C36D9D2CB6B8541900E10 /* Pods */ = {
			isa = PBXGroup;
			children = (
				559023484A7033D51F915469 /* Pods-Represent.debug.xcconfig */,
				F464ABE671A3CA288DA00488 /* Pods-Represent.release.xcconfig */,
			);
			name = Pods;
			sourceTree = "<group>";
		};
		4EB570B9553E30CE949D77CA /* Frameworks */ = {
			isa = PBXGroup;
			children = (
				32122BB8D2C6C652672C8772 /* libPods-Represent.a */,
			);
			name = Frameworks;
			sourceTree = "<group>";
		};
		EEEC41461B22503F00D0D270 = {
			isa = PBXGroup;
			children = (
				EEEC41511B22503F00D0D270 /* Represent */,
				EEEC416B1B22504000D0D270 /* RepresentTests */,
				EEEC41501B22503F00D0D270 /* Products */,
				2E5C36D9D2CB6B8541900E10 /* Pods */,
				4EB570B9553E30CE949D77CA /* Frameworks */,
			);
			sourceTree = "<group>";
		};
		EEEC41501B22503F00D0D270 /* Products */ = {
			isa = PBXGroup;
			children = (
				EEEC414F1B22503F00D0D270 /* Represent.app */,
				EEEC41681B22504000D0D270 /* RepresentTests.xctest */,
			);
			name = Products;
			sourceTree = "<group>";
		};
		EEEC41511B22503F00D0D270 /* Represent */ = {
			isa = PBXGroup;
			children = (
				EEEC41561B22503F00D0D270 /* AppDelegate.h */,
				EEEC41571B22503F00D0D270 /* AppDelegate.m */,
				EEEC41591B22503F00D0D270 /* ViewController.h */,
				EEEC415A1B22503F00D0D270 /* ViewController.m */,
				EEEC41781B22509B00D0D270 /* NetworkController.h */,
				EEEC41791B22509B00D0D270 /* NetworkController.m */,
				EEEC417B1B2254E000D0D270 /* CongressMemberController.h */,
				EEEC417C1B2254E000D0D270 /* CongressMemberController.m */,
				EEEC417E1B2254EF00D0D270 /* CongressMember.h */,
				EEEC417F1B2254EF00D0D270 /* CongressMember.m */,
				EEEC415C1B22503F00D0D270 /* Main.storyboard */,
				EEEC415F1B22503F00D0D270 /* Images.xcassets */,
				EEEC41611B22503F00D0D270 /* LaunchScreen.xib */,
				EEEC41521B22503F00D0D270 /* Supporting Files */,
			);
			path = Represent;
			sourceTree = "<group>";
		};
		EEEC41521B22503F00D0D270 /* Supporting Files */ = {
			isa = PBXGroup;
			children = (
				EEEC41531B22503F00D0D270 /* Info.plist */,
				EEEC41541B22503F00D0D270 /* main.m */,
			);
			name = "Supporting Files";
			sourceTree = "<group>";
		};
		EEEC416B1B22504000D0D270 /* RepresentTests */ = {
			isa = PBXGroup;
			children = (
				EEEC416E1B22504000D0D270 /* RepresentTests.m */,
				EEEC416C1B22504000D0D270 /* Supporting Files */,
			);
			path = RepresentTests;
			sourceTree = "<group>";
		};
		EEEC416C1B22504000D0D270 /* Supporting Files */ = {
			isa = PBXGroup;
			children = (
				EEEC416D1B22504000D0D270 /* Info.plist */,
			);
			name = "Supporting Files";
			sourceTree = "<group>";
		};
/* End PBXGroup section */

/* Begin PBXNativeTarget section */
		EEEC414E1B22503F00D0D270 /* Represent */ = {
			isa = PBXNativeTarget;
			buildConfigurationList = EEEC41721B22504000D0D270 /* Build configuration list for PBXNativeTarget "Represent" */;
			buildPhases = (
				E044F767BB372C396D4F4E71 /* Check Pods Manifest.lock */,
				EEEC414B1B22503F00D0D270 /* Sources */,
				EEEC414C1B22503F00D0D270 /* Frameworks */,
				EEEC414D1B22503F00D0D270 /* Resources */,
				F078B910358E232569EB694E /* Copy Pods Resources */,
			);
			buildRules = (
			);
			dependencies = (
			);
			name = Represent;
			productName = Represent;
			productReference = EEEC414F1B22503F00D0D270 /* Represent.app */;
			productType = "com.apple.product-type.application";
		};
		EEEC41671B22504000D0D270 /* RepresentTests */ = {
			isa = PBXNativeTarget;
			buildConfigurationList = EEEC41751B22504000D0D270 /* Build configuration list for PBXNativeTarget "RepresentTests" */;
			buildPhases = (
				EEEC41641B22504000D0D270 /* Sources */,
				EEEC41651B22504000D0D270 /* Frameworks */,
				EEEC41661B22504000D0D270 /* Resources */,
			);
			buildRules = (
			);
			dependencies = (
				EEEC416A1B22504000D0D270 /* PBXTargetDependency */,
			);
			name = RepresentTests;
			productName = RepresentTests;
			productReference = EEEC41681B22504000D0D270 /* RepresentTests.xctest */;
			productType = "com.apple.product-type.bundle.unit-test";
		};
/* End PBXNativeTarget section */

/* Begin PBXProject section */
		EEEC41471B22503F00D0D270 /* Project object */ = {
			isa = PBXProject;
			attributes = {
				LastUpgradeCheck = 0630;
				ORGANIZATIONNAME = "Derik Flanary";
				TargetAttributes = {
					EEEC414E1B22503F00D0D270 = {
						CreatedOnToolsVersion = 6.3;
					};
					EEEC41671B22504000D0D270 = {
						CreatedOnToolsVersion = 6.3;
						TestTargetID = EEEC414E1B22503F00D0D270;
					};
				};
			};
			buildConfigurationList = EEEC414A1B22503F00D0D270 /* Build configuration list for PBXProject "Represent" */;
			compatibilityVersion = "Xcode 3.2";
			developmentRegion = English;
			hasScannedForEncodings = 0;
			knownRegions = (
				en,
				Base,
			);
			mainGroup = EEEC41461B22503F00D0D270;
			productRefGroup = EEEC41501B22503F00D0D270 /* Products */;
			projectDirPath = "";
			projectRoot = "";
			targets = (
				EEEC414E1B22503F00D0D270 /* Represent */,
				EEEC41671B22504000D0D270 /* RepresentTests */,
			);
		};
/* End PBXProject section */

/* Begin PBXResourcesBuildPhase section */
		EEEC414D1B22503F00D0D270 /* Resources */ = {
			isa = PBXResourcesBuildPhase;
			buildActionMask = 2147483647;
			files = (
				EEEC415E1B22503F00D0D270 /* Main.storyboard in Resources */,
				EEEC41631B22503F00D0D270 /* LaunchScreen.xib in Resources */,
				EEEC41601B22503F00D0D270 /* Images.xcassets in Resources */,
			);
			runOnlyForDeploymentPostprocessing = 0;
		};
		EEEC41661B22504000D0D270 /* Resources */ = {
			isa = PBXResourcesBuildPhase;
			buildActionMask = 2147483647;
			files = (
			);
			runOnlyForDeploymentPostprocessing = 0;
		};
/* End PBXResourcesBuildPhase section */

/* Begin PBXShellScriptBuildPhase section */
		E044F767BB372C396D4F4E71 /* Check Pods Manifest.lock */ = {
			isa = PBXShellScriptBuildPhase;
			buildActionMask = 2147483647;
			files = (
			);
			inputPaths = (
			);
			name = "Check Pods Manifest.lock";
			outputPaths = (
			);
			runOnlyForDeploymentPostprocessing = 0;
			shellPath = /bin/sh;
			shellScript = "diff \"${PODS_ROOT}/../Podfile.lock\" \"${PODS_ROOT}/Manifest.lock\" > /dev/null\nif [[ $? != 0 ]] ; then\n    cat << EOM\nerror: The sandbox is not in sync with the Podfile.lock. Run 'pod install' or update your CocoaPods installation.\nEOM\n    exit 1\nfi\n";
			showEnvVarsInLog = 0;
		};
		F078B910358E232569EB694E /* Copy Pods Resources */ = {
			isa = PBXShellScriptBuildPhase;
			buildActionMask = 2147483647;
			files = (
			);
			inputPaths = (
			);
			name = "Copy Pods Resources";
			outputPaths = (
			);
			runOnlyForDeploymentPostprocessing = 0;
			shellPath = /bin/sh;
			shellScript = "\"${SRCROOT}/Pods/Target Support Files/Pods-Represent/Pods-Represent-resources.sh\"\n";
			showEnvVarsInLog = 0;
		};
/* End PBXShellScriptBuildPhase section */

/* Begin PBXSourcesBuildPhase section */
		EEEC414B1B22503F00D0D270 /* Sources */ = {
			isa = PBXSourcesBuildPhase;
			buildActionMask = 2147483647;
			files = (
				EEEC417A1B22509B00D0D270 /* NetworkController.m in Sources */,
				EEEC415B1B22503F00D0D270 /* ViewController.m in Sources */,
				EEEC41581B22503F00D0D270 /* AppDelegate.m in Sources */,
				EEEC41551B22503F00D0D270 /* main.m in Sources */,
				EEEC417D1B2254E000D0D270 /* CongressMemberController.m in Sources */,
				EEEC41801B2254EF00D0D270 /* CongressMember.m in Sources */,
			);
			runOnlyForDeploymentPostprocessing = 0;
		};
		EEEC41641B22504000D0D270 /* Sources */ = {
			isa = PBXSourcesBuildPhase;
			buildActionMask = 2147483647;
			files = (
				EEEC416F1B22504000D0D270 /* RepresentTests.m in Sources */,
			);
			runOnlyForDeploymentPostprocessing = 0;
		};
/* End PBXSourcesBuildPhase section */

/* Begin PBXTargetDependency section */
		EEEC416A1B22504000D0D270 /* PBXTargetDependency */ = {
			isa = PBXTargetDependency;
			target = EEEC414E1B22503F00D0D270 /* Represent */;
			targetProxy = EEEC41691B22504000D0D270 /* PBXContainerItemProxy */;
		};
/* End PBXTargetDependency section */

/* Begin PBXVariantGroup section */
		EEEC415C1B22503F00D0D270 /* Main.storyboard */ = {
			isa = PBXVariantGroup;
			children = (
				EEEC415D1B22503F00D0D270 /* Base */,
			);
			name = Main.storyboard;
			sourceTree = "<group>";
		};
		EEEC41611B22503F00D0D270 /* LaunchScreen.xib */ = {
			isa = PBXVariantGroup;
			children = (
				EEEC41621B22503F00D0D270 /* Base */,
			);
			name = LaunchScreen.xib;
			sourceTree = "<group>";
		};
/* End PBXVariantGroup section */

/* Begin XCBuildConfiguration section */
		EEEC41701B22504000D0D270 /* Debug */ = {
			isa = XCBuildConfiguration;
			buildSettings = {
				ALWAYS_SEARCH_USER_PATHS = NO;
				CLANG_CXX_LANGUAGE_STANDARD = "gnu++0x";
				CLANG_CXX_LIBRARY = "libc++";
				CLANG_ENABLE_MODULES = YES;
				CLANG_ENABLE_OBJC_ARC = YES;
				CLANG_WARN_BOOL_CONVERSION = YES;
				CLANG_WARN_CONSTANT_CONVERSION = YES;
				CLANG_WARN_DIRECT_OBJC_ISA_USAGE = YES_ERROR;
				CLANG_WARN_EMPTY_BODY = YES;
				CLANG_WARN_ENUM_CONVERSION = YES;
				CLANG_WARN_INT_CONVERSION = YES;
				CLANG_WARN_OBJC_ROOT_CLASS = YES_ERROR;
				CLANG_WARN_UNREACHABLE_CODE = YES;
				CLANG_WARN__DUPLICATE_METHOD_MATCH = YES;
				"CODE_SIGN_IDENTITY[sdk=iphoneos*]" = "iPhone Developer";
				COPY_PHASE_STRIP = NO;
				DEBUG_INFORMATION_FORMAT = "dwarf-with-dsym";
				ENABLE_STRICT_OBJC_MSGSEND = YES;
				GCC_C_LANGUAGE_STANDARD = gnu99;
				GCC_DYNAMIC_NO_PIC = NO;
				GCC_NO_COMMON_BLOCKS = YES;
				GCC_OPTIMIZATION_LEVEL = 0;
				GCC_PREPROCESSOR_DEFINITIONS = (
					"DEBUG=1",
					"$(inherited)",
				);
				GCC_SYMBOLS_PRIVATE_EXTERN = NO;
				GCC_WARN_64_TO_32_BIT_CONVERSION = YES;
				GCC_WARN_ABOUT_RETURN_TYPE = YES_ERROR;
				GCC_WARN_UNDECLARED_SELECTOR = YES;
				GCC_WARN_UNINITIALIZED_AUTOS = YES_AGGRESSIVE;
				GCC_WARN_UNUSED_FUNCTION = YES;
				GCC_WARN_UNUSED_VARIABLE = YES;
				IPHONEOS_DEPLOYMENT_TARGET = 8.3;
				MTL_ENABLE_DEBUG_INFO = YES;
				ONLY_ACTIVE_ARCH = YES;
				SDKROOT = iphoneos;
			};
			name = Debug;
		};
		EEEC41711B22504000D0D270 /* Release */ = {
			isa = XCBuildConfiguration;
			buildSettings = {
				ALWAYS_SEARCH_USER_PATHS = NO;
				CLANG_CXX_LANGUAGE_STANDARD = "gnu++0x";
				CLANG_CXX_LIBRARY = "libc++";
				CLANG_ENABLE_MODULES = YES;
				CLANG_ENABLE_OBJC_ARC = YES;
				CLANG_WARN_BOOL_CONVERSION = YES;
				CLANG_WARN_CONSTANT_CONVERSION = YES;
				CLANG_WARN_DIRECT_OBJC_ISA_USAGE = YES_ERROR;
				CLANG_WARN_EMPTY_BODY = YES;
				CLANG_WARN_ENUM_CONVERSION = YES;
				CLANG_WARN_INT_CONVERSION = YES;
				CLANG_WARN_OBJC_ROOT_CLASS = YES_ERROR;
				CLANG_WARN_UNREACHABLE_CODE = YES;
				CLANG_WARN__DUPLICATE_METHOD_MATCH = YES;
				"CODE_SIGN_IDENTITY[sdk=iphoneos*]" = "iPhone Developer";
				COPY_PHASE_STRIP = NO;
				DEBUG_INFORMATION_FORMAT = "dwarf-with-dsym";
				ENABLE_NS_ASSERTIONS = NO;
				ENABLE_STRICT_OBJC_MSGSEND = YES;
				GCC_C_LANGUAGE_STANDARD = gnu99;
				GCC_NO_COMMON_BLOCKS = YES;
				GCC_WARN_64_TO_32_BIT_CONVERSION = YES;
				GCC_WARN_ABOUT_RETURN_TYPE = YES_ERROR;
				GCC_WARN_UNDECLARED_SELECTOR = YES;
				GCC_WARN_UNINITIALIZED_AUTOS = YES_AGGRESSIVE;
				GCC_WARN_UNUSED_FUNCTION = YES;
				GCC_WARN_UNUSED_VARIABLE = YES;
				IPHONEOS_DEPLOYMENT_TARGET = 8.3;
				MTL_ENABLE_DEBUG_INFO = NO;
				SDKROOT = iphoneos;
				VALIDATE_PRODUCT = YES;
			};
			name = Release;
		};
		EEEC41731B22504000D0D270 /* Debug */ = {
			isa = XCBuildConfiguration;
			baseConfigurationReference = 559023484A7033D51F915469 /* Pods-Represent.debug.xcconfig */;
			buildSettings = {
				ASSETCATALOG_COMPILER_APPICON_NAME = AppIcon;
				INFOPLIST_FILE = Represent/Info.plist;
				LD_RUNPATH_SEARCH_PATHS = "$(inherited) @executable_path/Frameworks";
				PRODUCT_NAME = "$(TARGET_NAME)";
			};
			name = Debug;
		};
		EEEC41741B22504000D0D270 /* Release */ = {
			isa = XCBuildConfiguration;
			baseConfigurationReference = F464ABE671A3CA288DA00488 /* Pods-Represent.release.xcconfig */;
			buildSettings = {
				ASSETCATALOG_COMPILER_APPICON_NAME = AppIcon;
				INFOPLIST_FILE = Represent/Info.plist;
				LD_RUNPATH_SEARCH_PATHS = "$(inherited) @executable_path/Frameworks";
				PRODUCT_NAME = "$(TARGET_NAME)";
			};
			name = Release;
		};
		EEEC41761B22504000D0D270 /* Debug */ = {
			isa = XCBuildConfiguration;
			buildSettings = {
				BUNDLE_LOADER = "$(TEST_HOST)";
				FRAMEWORK_SEARCH_PATHS = (
					"$(SDKROOT)/Developer/Library/Frameworks",
					"$(inherited)",
				);
				GCC_PREPROCESSOR_DEFINITIONS = (
					"DEBUG=1",
					"$(inherited)",
				);
				INFOPLIST_FILE = RepresentTests/Info.plist;
				LD_RUNPATH_SEARCH_PATHS = "$(inherited) @executable_path/Frameworks @loader_path/Frameworks";
				PRODUCT_NAME = "$(TARGET_NAME)";
				TEST_HOST = "$(BUILT_PRODUCTS_DIR)/Represent.app/Represent";
			};
			name = Debug;
		};
		EEEC41771B22504000D0D270 /* Release */ = {
			isa = XCBuildConfiguration;
			buildSettings = {
				BUNDLE_LOADER = "$(TEST_HOST)";
				FRAMEWORK_SEARCH_PATHS = (
					"$(SDKROOT)/Developer/Library/Frameworks",
					"$(inherited)",
				);
				INFOPLIST_FILE = RepresentTests/Info.plist;
				LD_RUNPATH_SEARCH_PATHS = "$(inherited) @executable_path/Frameworks @loader_path/Frameworks";
				PRODUCT_NAME = "$(TARGET_NAME)";
				TEST_HOST = "$(BUILT_PRODUCTS_DIR)/Represent.app/Represent";
			};
			name = Release;
		};
/* End XCBuildConfiguration section */

/* Begin XCConfigurationList section */
		EEEC414A1B22503F00D0D270 /* Build configuration list for PBXProject "Represent" */ = {
			isa = XCConfigurationList;
			buildConfigurations = (
				EEEC41701B22504000D0D270 /* Debug */,
				EEEC41711B22504000D0D270 /* Release */,
			);
			defaultConfigurationIsVisible = 0;
			defaultConfigurationName = Release;
		};
		EEEC41721B22504000D0D270 /* Build configuration list for PBXNativeTarget "Represent" */ = {
			isa = XCConfigurationList;
			buildConfigurations = (
				EEEC41731B22504000D0D270 /* Debug */,
				EEEC41741B22504000D0D270 /* Release */,
			);
			defaultConfigurationIsVisible = 0;
			defaultConfigurationName = Release;
		};
		EEEC41751B22504000D0D270 /* Build configuration list for PBXNativeTarget "RepresentTests" */ = {
			isa = XCConfigurationList;
			buildConfigurations = (
				EEEC41761B22504000D0D270 /* Debug */,
				EEEC41771B22504000D0D270 /* Release */,
			);
			defaultConfigurationIsVisible = 0;
			defaultConfigurationName = Release;
		};
/* End XCConfigurationList section */
	};
	rootObject = EEEC41471B22503F00D0D270 /* Project object */;
}
